// !$*UTF8*$!
{
	archiveVersion = 1;
	classes = {
	};
	objectVersion = 55;
	objects = {

/* Begin PBXBuildFile section */
		CE38C09027F0509D004B200D /* wordLearningApp.swift in Sources */ = {isa = PBXBuildFile; fileRef = CE38C08F27F0509D004B200D /* wordLearningApp.swift */; };
		CE38C09227F0509D004B200D /* ContentView.swift in Sources */ = {isa = PBXBuildFile; fileRef = CE38C09127F0509D004B200D /* ContentView.swift */; };
		CE38C09427F0509E004B200D /* Assets.xcassets in Resources */ = {isa = PBXBuildFile; fileRef = CE38C09327F0509E004B200D /* Assets.xcassets */; };
		CE38C09727F0509E004B200D /* Preview Assets.xcassets in Resources */ = {isa = PBXBuildFile; fileRef = CE38C09627F0509E004B200D /* Preview Assets.xcassets */; };
		CE38C0A227F0A28C004B200D /* WordCard.swift in Sources */ = {isa = PBXBuildFile; fileRef = CE38C0A127F0A28C004B200D /* WordCard.swift */; };
		CE38C0A427F0A331004B200D /* WordCardFront.swift in Sources */ = {isa = PBXBuildFile; fileRef = CE38C0A327F0A331004B200D /* WordCardFront.swift */; };
		CE38C0A627F0A33E004B200D /* WordCardBack.swift in Sources */ = {isa = PBXBuildFile; fileRef = CE38C0A527F0A33E004B200D /* WordCardBack.swift */; };
		CEE6836C27F1A083004DE72B /* CreationWordCardView.swift in Sources */ = {isa = PBXBuildFile; fileRef = CEE6836B27F1A083004DE72B /* CreationWordCardView.swift */; };
/* End PBXBuildFile section */

/* Begin PBXFileReference section */
		CE38C08C27F0509D004B200D /* wordLearning.app */ = {isa = PBXFileReference; explicitFileType = wrapper.application; includeInIndex = 0; path = wordLearning.app; sourceTree = BUILT_PRODUCTS_DIR; };
		CE38C08F27F0509D004B200D /* wordLearningApp.swift */ = {isa = PBXFileReference; lastKnownFileType = sourcecode.swift; path = wordLearningApp.swift; sourceTree = "<group>"; };
		CE38C09127F0509D004B200D /* ContentView.swift */ = {isa = PBXFileReference; lastKnownFileType = sourcecode.swift; path = ContentView.swift; sourceTree = "<group>"; };
		CE38C09327F0509E004B200D /* Assets.xcassets */ = {isa = PBXFileReference; lastKnownFileType = folder.assetcatalog; path = Assets.xcassets; sourceTree = "<group>"; };
		CE38C09627F0509E004B200D /* Preview Assets.xcassets */ = {isa = PBXFileReference; lastKnownFileType = folder.assetcatalog; path = "Preview Assets.xcassets"; sourceTree = "<group>"; };
		CE38C0A127F0A28C004B200D /* WordCard.swift */ = {isa = PBXFileReference; lastKnownFileType = sourcecode.swift; path = WordCard.swift; sourceTree = "<group>"; };
		CE38C0A327F0A331004B200D /* WordCardFront.swift */ = {isa = PBXFileReference; lastKnownFileType = sourcecode.swift; path = WordCardFront.swift; sourceTree = "<group>"; };
		CE38C0A527F0A33E004B200D /* WordCardBack.swift */ = {isa = PBXFileReference; lastKnownFileType = sourcecode.swift; path = WordCardBack.swift; sourceTree = "<group>"; };
		CEE6836B27F1A083004DE72B /* CreationWordCardView.swift */ = {isa = PBXFileReference; lastKnownFileType = sourcecode.swift; path = CreationWordCardView.swift; sourceTree = "<group>"; };
/* End PBXFileReference section */

/* Begin PBXFrameworksBuildPhase section */
		CE38C08927F0509D004B200D /* Frameworks */ = {
			isa = PBXFrameworksBuildPhase;
			buildActionMask = 2147483647;
			files = (
			);
			runOnlyForDeploymentPostprocessing = 0;
		};
/* End PBXFrameworksBuildPhase section */

/* Begin PBXGroup section */
		CE38C08327F0509D004B200D = {
			isa = PBXGroup;
			children = (
				CE38C08E27F0509D004B200D /* wordLearning */,
				CE38C08D27F0509D004B200D /* Products */,
			);
			sourceTree = "<group>";
		};
		CE38C08D27F0509D004B200D /* Products */ = {
			isa = PBXGroup;
			children = (
				CE38C08C27F0509D004B200D /* wordLearning.app */,
			);
			name = Products;
			sourceTree = "<group>";
		};
		CE38C08E27F0509D004B200D /* wordLearning */ = {
			isa = PBXGroup;
			children = (
				CEE3E9AE27F218DC00B5D445 /* WordCard */,
				CE38C08F27F0509D004B200D /* wordLearningApp.swift */,
				CE38C09127F0509D004B200D /* ContentView.swift */,
				CEE6836B27F1A083004DE72B /* CreationWordCardView.swift */,
				CE38C09327F0509E004B200D /* Assets.xcassets */,
				CE38C09527F0509E004B200D /* Preview Content */,
			);
			path = wordLearning;
			sourceTree = "<group>";
		};
		CE38C09527F0509E004B200D /* Preview Content */ = {
			isa = PBXGroup;
			children = (
				CE38C09627F0509E004B200D /* Preview Assets.xcassets */,
			);
			path = "Preview Content";
			sourceTree = "<group>";
		};
		CEE3E9AE27F218DC00B5D445 /* WordCard */ = {
			isa = PBXGroup;
			children = (
				CE38C0A127F0A28C004B200D /* WordCard.swift */,
				CE38C0A327F0A331004B200D /* WordCardFront.swift */,
				CE38C0A527F0A33E004B200D /* WordCardBack.swift */,
			);
			path = WordCard;
			sourceTree = "<group>";
		};
/* End PBXGroup section */

/* Begin PBXNativeTarget section */
		CE38C08B27F0509D004B200D /* wordLearning */ = {
			isa = PBXNativeTarget;
			buildConfigurationList = CE38C09A27F0509E004B200D /* Build configuration list for PBXNativeTarget "wordLearning" */;
			buildPhases = (
				CE38C08827F0509D004B200D /* Sources */,
				CE38C08927F0509D004B200D /* Frameworks */,
				CE38C08A27F0509D004B200D /* Resources */,
			);
			buildRules = (
			);
			dependencies = (
			);
			name = wordLearning;
			productName = wordLearning;
			productReference = CE38C08C27F0509D004B200D /* wordLearning.app */;
			productType = "com.apple.product-type.application";
		};
/* End PBXNativeTarget section */

/* Begin PBXProject section */
		CE38C08427F0509D004B200D /* Project object */ = {
			isa = PBXProject;
			attributes = {
				BuildIndependentTargetsInParallel = 1;
				LastSwiftUpdateCheck = 1320;
				LastUpgradeCheck = 1320;
				TargetAttributes = {
					CE38C08B27F0509D004B200D = {
						CreatedOnToolsVersion = 13.2.1;
					};
				};
			};
			buildConfigurationList = CE38C08727F0509D004B200D /* Build configuration list for PBXProject "wordLearning" */;
			compatibilityVersion = "Xcode 13.0";
			developmentRegion = en;
			hasScannedForEncodings = 0;
			knownRegions = (
				en,
				Base,
			);
			mainGroup = CE38C08327F0509D004B200D;
			productRefGroup = CE38C08D27F0509D004B200D /* Products */;
			projectDirPath = "";
			projectRoot = "";
			targets = (
				CE38C08B27F0509D004B200D /* wordLearning */,
			);
		};
/* End PBXProject section */

/* Begin PBXResourcesBuildPhase section */
		CE38C08A27F0509D004B200D /* Resources */ = {
			isa = PBXResourcesBuildPhase;
			buildActionMask = 2147483647;
			files = (
				CE38C09727F0509E004B200D /* Preview Assets.xcassets in Resources */,
				CE38C09427F0509E004B200D /* Assets.xcassets in Resources */,
			);
			runOnlyForDeploymentPostprocessing = 0;
		};
/* End PBXResourcesBuildPhase section */

/* Begin PBXSourcesBuildPhase section */
		CE38C08827F0509D004B200D /* Sources */ = {
			isa = PBXSourcesBuildPhase;
			buildActionMask = 2147483647;
			files = (
				CE38C0A227F0A28C004B200D /* WordCard.swift in Sources */,
				CE38C0A627F0A33E004B200D /* WordCardBack.swift in Sources */,
				CE38C0A427F0A331004B200D /* WordCardFront.swift in Sources */,
				CE38C09227F0509D004B200D /* ContentView.swift in Sources */,
				CE38C09027F0509D004B200D /* wordLearningApp.swift in Sources */,
				CEE6836C27F1A083004DE72B /* CreationWordCardView.swift in Sources */,
			);
			runOnlyForDeploymentPostprocessing = 0;
		};
/* End PBXSourcesBuildPhase section */

/* Begin XCBuildConfiguration section */
		CE38C09827F0509E004B200D /* Debug */ = {
			isa = XCBuildConfiguration;
			buildSettings = {
				ALWAYS_SEARCH_USER_PATHS = NO;
				CLANG_ANALYZER_NONNULL = YES;
				CLANG_ANALYZER_NUMBER_OBJECT_CONVERSION = YES_AGGRESSIVE;
				CLANG_CXX_LANGUAGE_STANDARD = "gnu++17";
				CLANG_CXX_LIBRARY = "libc++";
				CLANG_ENABLE_MODULES = YES;
				CLANG_ENABLE_OBJC_ARC = YES;
				CLANG_ENABLE_OBJC_WEAK = YES;
				CLANG_WARN_BLOCK_CAPTURE_AUTORELEASING = YES;
				CLANG_WARN_BOOL_CONVERSION = YES;
				CLANG_WARN_COMMA = YES;
				CLANG_WARN_CONSTANT_CONVERSION = YES;
				CLANG_WARN_DEPRECATED_OBJC_IMPLEMENTATIONS = YES;
				CLANG_WARN_DIRECT_OBJC_ISA_USAGE = YES_ERROR;
				CLANG_WARN_DOCUMENTATION_COMMENTS = YES;
				CLANG_WARN_EMPTY_BODY = YES;
				CLANG_WARN_ENUM_CONVERSION = YES;
				CLANG_WARN_INFINITE_RECURSION = YES;
				CLANG_WARN_INT_CONVERSION = YES;
				CLANG_WARN_NON_LITERAL_NULL_CONVERSION = YES;
				CLANG_WARN_OBJC_IMPLICIT_RETAIN_SELF = YES;
				CLANG_WARN_OBJC_LITERAL_CONVERSION = YES;
				CLANG_WARN_OBJC_ROOT_CLASS = YES_ERROR;
				CLANG_WARN_QUOTED_INCLUDE_IN_FRAMEWORK_HEADER = YES;
				CLANG_WARN_RANGE_LOOP_ANALYSIS = YES;
				CLANG_WARN_STRICT_PROTOTYPES = YES;
				CLANG_WARN_SUSPICIOUS_MOVE = YES;
				CLANG_WARN_UNGUARDED_AVAILABILITY = YES_AGGRESSIVE;
				CLANG_WARN_UNREACHABLE_CODE = YES;
				CLANG_WARN__DUPLICATE_METHOD_MATCH = YES;
				COPY_PHASE_STRIP = NO;
				DEBUG_INFORMATION_FORMAT = dwarf;
				ENABLE_STRICT_OBJC_MSGSEND = YES;
				ENABLE_TESTABILITY = YES;
				GCC_C_LANGUAGE_STANDARD = gnu11;
				GCC_DYNAMIC_NO_PIC = NO;
				GCC_NO_COMMON_BLOCKS = YES;
				GCC_OPTIMIZATION_LEVEL = 0;
				GCC_PREPROCESSOR_DEFINITIONS = (
					"DEBUG=1",
					"$(inherited)",
				);
				GCC_WARN_64_TO_32_BIT_CONVERSION = YES;
				GCC_WARN_ABOUT_RETURN_TYPE = YES_ERROR;
				GCC_WARN_UNDECLARED_SELECTOR = YES;
				GCC_WARN_UNINITIALIZED_AUTOS = YES_AGGRESSIVE;
				GCC_WARN_UNUSED_FUNCTION = YES;
				GCC_WARN_UNUSED_VARIABLE = YES;
				IPHONEOS_DEPLOYMENT_TARGET = 15.2;
				MTL_ENABLE_DEBUG_INFO = INCLUDE_SOURCE;
				MTL_FAST_MATH = YES;
				ONLY_ACTIVE_ARCH = YES;
				SDKROOT = iphoneos;
				SWIFT_ACTIVE_COMPILATION_CONDITIONS = DEBUG;
				SWIFT_OPTIMIZATION_LEVEL = "-Onone";
			};
			name = Debug;
		};
		CE38C09927F0509E004B200D /* Release */ = {
			isa = XCBuildConfiguration;
			buildSettings = {
				ALWAYS_SEARCH_USER_PATHS = NO;
				CLANG_ANALYZER_NONNULL = YES;
				CLANG_ANALYZER_NUMBER_OBJECT_CONVERSION = YES_AGGRESSIVE;
				CLANG_CXX_LANGUAGE_STANDARD = "gnu++17";
				CLANG_CXX_LIBRARY = "libc++";
				CLANG_ENABLE_MODULES = YES;
				CLANG_ENABLE_OBJC_ARC = YES;
				CLANG_ENABLE_OBJC_WEAK = YES;
				CLANG_WARN_BLOCK_CAPTURE_AUTORELEASING = YES;
				CLANG_WARN_BOOL_CONVERSION = YES;
				CLANG_WARN_COMMA = YES;
				CLANG_WARN_CONSTANT_CONVERSION = YES;
				CLANG_WARN_DEPRECATED_OBJC_IMPLEMENTATIONS = YES;
				CLANG_WARN_DIRECT_OBJC_ISA_USAGE = YES_ERROR;
				CLANG_WARN_DOCUMENTATION_COMMENTS = YES;
				CLANG_WARN_EMPTY_BODY = YES;
				CLANG_WARN_ENUM_CONVERSION = YES;
				CLANG_WARN_INFINITE_RECURSION = YES;
				CLANG_WARN_INT_CONVERSION = YES;
				CLANG_WARN_NON_LITERAL_NULL_CONVERSION = YES;
				CLANG_WARN_OBJC_IMPLICIT_RETAIN_SELF = YES;
				CLANG_WARN_OBJC_LITERAL_CONVERSION = YES;
				CLANG_WARN_OBJC_ROOT_CLASS = YES_ERROR;
				CLANG_WARN_QUOTED_INCLUDE_IN_FRAMEWORK_HEADER = YES;
				CLANG_WARN_RANGE_LOOP_ANALYSIS = YES;
				CLANG_WARN_STRICT_PROTOTYPES = YES;
				CLANG_WARN_SUSPICIOUS_MOVE = YES;
				CLANG_WARN_UNGUARDED_AVAILABILITY = YES_AGGRESSIVE;
				CLANG_WARN_UNREACHABLE_CODE = YES;
				CLANG_WARN__DUPLICATE_METHOD_MATCH = YES;
				COPY_PHASE_STRIP = NO;
				DEBUG_INFORMATION_FORMAT = "dwarf-with-dsym";
				ENABLE_NS_ASSERTIONS = NO;
				ENABLE_STRICT_OBJC_MSGSEND = YES;
				GCC_C_LANGUAGE_STANDARD = gnu11;
				GCC_NO_COMMON_BLOCKS = YES;
				GCC_WARN_64_TO_32_BIT_CONVERSION = YES;
				GCC_WARN_ABOUT_RETURN_TYPE = YES_ERROR;
				GCC_WARN_UNDECLARED_SELECTOR = YES;
				GCC_WARN_UNINITIALIZED_AUTOS = YES_AGGRESSIVE;
				GCC_WARN_UNUSED_FUNCTION = YES;
				GCC_WARN_UNUSED_VARIABLE = YES;
				IPHONEOS_DEPLOYMENT_TARGET = 15.2;
				MTL_ENABLE_DEBUG_INFO = NO;
				MTL_FAST_MATH = YES;
				SDKROOT = iphoneos;
				SWIFT_COMPILATION_MODE = wholemodule;
				SWIFT_OPTIMIZATION_LEVEL = "-O";
				VALIDATE_PRODUCT = YES;
			};
			name = Release;
		};
		CE38C09B27F0509E004B200D /* Debug */ = {
			isa = XCBuildConfiguration;
			buildSettings = {
				ASSETCATALOG_COMPILER_APPICON_NAME = AppIcon;
				ASSETCATALOG_COMPILER_GLOBAL_ACCENT_COLOR_NAME = AccentColor;
				CODE_SIGN_STYLE = Automatic;
				CURRENT_PROJECT_VERSION = 1;
				DEVELOPMENT_ASSET_PATHS = "\"wordLearning/Preview Content\"";
				ENABLE_PREVIEWS = YES;
				GENERATE_INFOPLIST_FILE = YES;
				INFOPLIST_KEY_UIApplicationSceneManifest_Generation = YES;
				INFOPLIST_KEY_UIApplicationSupportsIndirectInputEvents = YES;
				INFOPLIST_KEY_UILaunchScreen_Generation = YES;
				INFOPLIST_KEY_UISupportedInterfaceOrientations_iPad = "UIInterfaceOrientationPortrait UIInterfaceOrientationPortraitUpsideDown UIInterfaceOrientationLandscapeLeft UIInterfaceOrientationLandscapeRight";
				INFOPLIST_KEY_UISupportedInterfaceOrientations_iPhone = "UIInterfaceOrientationPortrait UIInterfaceOrientationLandscapeLeft UIInterfaceOrientationLandscapeRight";
				LD_RUNPATH_SEARCH_PATHS = (
					"$(inherited)",
					"@executable_path/Frameworks",
				);
				MARKETING_VERSION = 1.0;
				PRODUCT_BUNDLE_IDENTIFIER = com.anluferov.wordLearning;
				PRODUCT_NAME = "$(TARGET_NAME)";
				SWIFT_EMIT_LOC_STRINGS = YES;
				SWIFT_VERSION = 5.0;
				TARGETED_DEVICE_FAMILY = "1,2";
			};
			name = Debug;
		};
		CE38C09C27F0509E004B200D /* Release */ = {
			isa = XCBuildConfiguration;
			buildSettings = {
				ASSETCATALOG_COMPILER_APPICON_NAME = AppIcon;
				ASSETCATALOG_COMPILER_GLOBAL_ACCENT_COLOR_NAME = AccentColor;
				CODE_SIGN_STYLE = Automatic;
				CURRENT_PROJECT_VERSION = 1;
				DEVELOPMENT_ASSET_PATHS = "\"wordLearning/Preview Content\"";
				ENABLE_PREVIEWS = YES;
				GENERATE_INFOPLIST_FILE = YES;
				INFOPLIST_KEY_UIApplicationSceneManifest_Generation = YES;
				INFOPLIST_KEY_UIApplicationSupportsIndirectInputEvents = YES;
				INFOPLIST_KEY_UILaunchScreen_Generation = YES;
				INFOPLIST_KEY_UISupportedInterfaceOrientations_iPad = "UIInterfaceOrientationPortrait UIInterfaceOrientationPortraitUpsideDown UIInterfaceOrientationLandscapeLeft UIInterfaceOrientationLandscapeRight";
				INFOPLIST_KEY_UISupportedInterfaceOrientations_iPhone = "UIInterfaceOrientationPortrait UIInterfaceOrientationLandscapeLeft UIInterfaceOrientationLandscapeRight";
				LD_RUNPATH_SEARCH_PATHS = (
					"$(inherited)",
					"@executable_path/Frameworks",
				);
				MARKETING_VERSION = 1.0;
				PRODUCT_BUNDLE_IDENTIFIER = com.anluferov.wordLearning;
				PRODUCT_NAME = "$(TARGET_NAME)";
				SWIFT_EMIT_LOC_STRINGS = YES;
				SWIFT_VERSION = 5.0;
				TARGETED_DEVICE_FAMILY = "1,2";
			};
			name = Release;
		};
/* End XCBuildConfiguration section */

/* Begin XCConfigurationList section */
		CE38C08727F0509D004B200D /* Build configuration list for PBXProject "wordLearning" */ = {
			isa = XCConfigurationList;
			buildConfigurations = (
				CE38C09827F0509E004B200D /* Debug */,
				CE38C09927F0509E004B200D /* Release */,
			);
			defaultConfigurationIsVisible = 0;
			defaultConfigurationName = Release;
		};
		CE38C09A27F0509E004B200D /* Build configuration list for PBXNativeTarget "wordLearning" */ = {
			isa = XCConfigurationList;
			buildConfigurations = (
				CE38C09B27F0509E004B200D /* Debug */,
				CE38C09C27F0509E004B200D /* Release */,
			);
			defaultConfigurationIsVisible = 0;
			defaultConfigurationName = Release;
		};
/* End XCConfigurationList section */
	};
	rootObject = CE38C08427F0509D004B200D /* Project object */;
}
