// !$*UTF8*$!
{
	archiveVersion = 1;
	classes = {
	};
	objectVersion = 55;
	objects = {

/* Begin PBXBuildFile section */
		CE013BB92855F41900D1EBB1 /* UserService.swift in Sources */ = {isa = PBXBuildFile; fileRef = CE013BB82855F41900D1EBB1 /* UserService.swift */; };
		CE013BBC2855F42D00D1EBB1 /* UserServiceProtocol.swift in Sources */ = {isa = PBXBuildFile; fileRef = CE013BBB2855F42D00D1EBB1 /* UserServiceProtocol.swift */; };
		CE013BC02856097C00D1EBB1 /* WordCardTaskMode.swift in Sources */ = {isa = PBXBuildFile; fileRef = CE013BBF2856097C00D1EBB1 /* WordCardTaskMode.swift */; };
		CE013BC228560A1800D1EBB1 /* RememberForgotTask.swift in Sources */ = {isa = PBXBuildFile; fileRef = CE013BC128560A1800D1EBB1 /* RememberForgotTask.swift */; };
		CE013BC428560A2100D1EBB1 /* RememberForgotTaskViewModel.swift in Sources */ = {isa = PBXBuildFile; fileRef = CE013BC328560A2100D1EBB1 /* RememberForgotTaskViewModel.swift */; };
		CE013BC628566D7900D1EBB1 /* Array+Extension.swift in Sources */ = {isa = PBXBuildFile; fileRef = CE013BC528566D7900D1EBB1 /* Array+Extension.swift */; };
		CE2C1442285F44B8009EFF66 /* WordTaskViewModel.swift in Sources */ = {isa = PBXBuildFile; fileRef = CE2C1441285F44B8009EFF66 /* WordTaskViewModel.swift */; };
		CE3841DA2806090A002B7465 /* View+Extensions.swift in Sources */ = {isa = PBXBuildFile; fileRef = CE3841D92806090A002B7465 /* View+Extensions.swift */; };
		CE38C09027F0509D004B200D /* WordLearningApp.swift in Sources */ = {isa = PBXBuildFile; fileRef = CE38C08F27F0509D004B200D /* WordLearningApp.swift */; };
		CE38C09227F0509D004B200D /* ContentView.swift in Sources */ = {isa = PBXBuildFile; fileRef = CE38C09127F0509D004B200D /* ContentView.swift */; };
		CE38C09427F0509E004B200D /* Assets.xcassets in Resources */ = {isa = PBXBuildFile; fileRef = CE38C09327F0509E004B200D /* Assets.xcassets */; };
		CE38C09727F0509E004B200D /* Preview Assets.xcassets in Resources */ = {isa = PBXBuildFile; fileRef = CE38C09627F0509E004B200D /* Preview Assets.xcassets */; };
		CE38C0A227F0A28C004B200D /* RotatableView.swift in Sources */ = {isa = PBXBuildFile; fileRef = CE38C0A127F0A28C004B200D /* RotatableView.swift */; };
		CE38C0A427F0A331004B200D /* NewWordCardFront.swift in Sources */ = {isa = PBXBuildFile; fileRef = CE38C0A327F0A331004B200D /* NewWordCardFront.swift */; };
		CE38C0A627F0A33E004B200D /* NewWordCardBack.swift in Sources */ = {isa = PBXBuildFile; fileRef = CE38C0A527F0A33E004B200D /* NewWordCardBack.swift */; };
		CE40F3672804AE2E00326839 /* WordsDashboard.swift in Sources */ = {isa = PBXBuildFile; fileRef = CE40F3662804AE2E00326839 /* WordsDashboard.swift */; };
		CE40F3692804B0CD00326839 /* WordsDashboardViewModel.swift in Sources */ = {isa = PBXBuildFile; fileRef = CE40F3682804B0CD00326839 /* WordsDashboardViewModel.swift */; };
		CE6637CD282EDBA20047F98F /* WordCardTaskContainer.swift in Sources */ = {isa = PBXBuildFile; fileRef = CE6637CC282EDBA20047F98F /* WordCardTaskContainer.swift */; };
		CE6637CF282EDBAF0047F98F /* WordCardTaskContainerViewModel.swift in Sources */ = {isa = PBXBuildFile; fileRef = CE6637CE282EDBAF0047F98F /* WordCardTaskContainerViewModel.swift */; };
		CE6C50A928294D6C00AA26C2 /* ServiceContainer.swift in Sources */ = {isa = PBXBuildFile; fileRef = CE6C50A828294D6C00AA26C2 /* ServiceContainer.swift */; };
		CE6C50AB28294D7700AA26C2 /* ServiceDependency.swift in Sources */ = {isa = PBXBuildFile; fileRef = CE6C50AA28294D7700AA26C2 /* ServiceDependency.swift */; };
		CE6C50AE28294DE700AA26C2 /* WordCardServiceProtocol.swift in Sources */ = {isa = PBXBuildFile; fileRef = CE6C50AD28294DE700AA26C2 /* WordCardServiceProtocol.swift */; };
		CE6C50B12829527200AA26C2 /* AppDelegate.swift in Sources */ = {isa = PBXBuildFile; fileRef = CE6C50B02829527200AA26C2 /* AppDelegate.swift */; };
		CE6C50B428295BD600AA26C2 /* Sequence+Extension.swift in Sources */ = {isa = PBXBuildFile; fileRef = CE6C50B328295BD600AA26C2 /* Sequence+Extension.swift */; };
		CE6C50B82829A94D00AA26C2 /* WordCardsStack.swift in Sources */ = {isa = PBXBuildFile; fileRef = CE6C50B72829A94D00AA26C2 /* WordCardsStack.swift */; };
		CE7DE46027F85C9300399DB4 /* NewWordCardViewModel.swift in Sources */ = {isa = PBXBuildFile; fileRef = CE7DE45F27F85C9300399DB4 /* NewWordCardViewModel.swift */; };
		CE7DE46327F85ED300399DB4 /* WordCard.swift in Sources */ = {isa = PBXBuildFile; fileRef = CE7DE46227F85ED300399DB4 /* WordCard.swift */; };
		CE7DE46527F8603600399DB4 /* WordCardTopic.swift in Sources */ = {isa = PBXBuildFile; fileRef = CE7DE46427F8603600399DB4 /* WordCardTopic.swift */; };
		CE7DE46727F8615800399DB4 /* Word.swift in Sources */ = {isa = PBXBuildFile; fileRef = CE7DE46627F8615800399DB4 /* Word.swift */; };
		CE7DE46A27F8680100399DB4 /* WordCardService.swift in Sources */ = {isa = PBXBuildFile; fileRef = CE7DE46927F8680100399DB4 /* WordCardService.swift */; };
		CE7DE46C27F9A77700399DB4 /* ColorfulRectangleView.swift in Sources */ = {isa = PBXBuildFile; fileRef = CE7DE46B27F9A77700399DB4 /* ColorfulRectangleView.swift */; };
		CE89063228703E2000391815 /* Equitable+Extension.swift in Sources */ = {isa = PBXBuildFile; fileRef = CE89063128703E2000391815 /* Equitable+Extension.swift */; };
		CEDC3FD52868E71500BB7D56 /* MainCard.swift in Sources */ = {isa = PBXBuildFile; fileRef = CEDC3FD42868E71500BB7D56 /* MainCard.swift */; };
		CEDC3FDA2868E77E00BB7D56 /* TabBar.swift in Sources */ = {isa = PBXBuildFile; fileRef = CEDC3FD92868E77E00BB7D56 /* TabBar.swift */; };
		CEDC3FDE2868FC8100BB7D56 /* TabBarViewModel.swift in Sources */ = {isa = PBXBuildFile; fileRef = CEDC3FDD2868FC8100BB7D56 /* TabBarViewModel.swift */; };
		CEE6836C27F1A083004DE72B /* NewWordCard.swift in Sources */ = {isa = PBXBuildFile; fileRef = CEE6836B27F1A083004DE72B /* NewWordCard.swift */; };
/* End PBXBuildFile section */

/* Begin PBXFileReference section */
		CE013BB82855F41900D1EBB1 /* UserService.swift */ = {isa = PBXFileReference; lastKnownFileType = sourcecode.swift; path = UserService.swift; sourceTree = "<group>"; };
		CE013BBB2855F42D00D1EBB1 /* UserServiceProtocol.swift */ = {isa = PBXFileReference; lastKnownFileType = sourcecode.swift; path = UserServiceProtocol.swift; sourceTree = "<group>"; };
		CE013BBF2856097C00D1EBB1 /* WordCardTaskMode.swift */ = {isa = PBXFileReference; lastKnownFileType = sourcecode.swift; path = WordCardTaskMode.swift; sourceTree = "<group>"; };
		CE013BC128560A1800D1EBB1 /* RememberForgotTask.swift */ = {isa = PBXFileReference; lastKnownFileType = sourcecode.swift; path = RememberForgotTask.swift; sourceTree = "<group>"; };
		CE013BC328560A2100D1EBB1 /* RememberForgotTaskViewModel.swift */ = {isa = PBXFileReference; lastKnownFileType = sourcecode.swift; path = RememberForgotTaskViewModel.swift; sourceTree = "<group>"; };
		CE013BC528566D7900D1EBB1 /* Array+Extension.swift */ = {isa = PBXFileReference; lastKnownFileType = sourcecode.swift; path = "Array+Extension.swift"; sourceTree = "<group>"; };
		CE2C1441285F44B8009EFF66 /* WordTaskViewModel.swift */ = {isa = PBXFileReference; lastKnownFileType = sourcecode.swift; path = WordTaskViewModel.swift; sourceTree = "<group>"; };
		CE3841D92806090A002B7465 /* View+Extensions.swift */ = {isa = PBXFileReference; lastKnownFileType = sourcecode.swift; path = "View+Extensions.swift"; sourceTree = "<group>"; };
		CE38C08C27F0509D004B200D /* wordLearning.app */ = {isa = PBXFileReference; explicitFileType = wrapper.application; includeInIndex = 0; path = wordLearning.app; sourceTree = BUILT_PRODUCTS_DIR; };
		CE38C08F27F0509D004B200D /* WordLearningApp.swift */ = {isa = PBXFileReference; lastKnownFileType = sourcecode.swift; path = WordLearningApp.swift; sourceTree = "<group>"; };
		CE38C09127F0509D004B200D /* ContentView.swift */ = {isa = PBXFileReference; lastKnownFileType = sourcecode.swift; path = ContentView.swift; sourceTree = "<group>"; };
		CE38C09327F0509E004B200D /* Assets.xcassets */ = {isa = PBXFileReference; lastKnownFileType = folder.assetcatalog; path = Assets.xcassets; sourceTree = "<group>"; };
		CE38C09627F0509E004B200D /* Preview Assets.xcassets */ = {isa = PBXFileReference; lastKnownFileType = folder.assetcatalog; path = "Preview Assets.xcassets"; sourceTree = "<group>"; };
		CE38C0A127F0A28C004B200D /* RotatableView.swift */ = {isa = PBXFileReference; lastKnownFileType = sourcecode.swift; path = RotatableView.swift; sourceTree = "<group>"; };
		CE38C0A327F0A331004B200D /* NewWordCardFront.swift */ = {isa = PBXFileReference; lastKnownFileType = sourcecode.swift; path = NewWordCardFront.swift; sourceTree = "<group>"; };
		CE38C0A527F0A33E004B200D /* NewWordCardBack.swift */ = {isa = PBXFileReference; lastKnownFileType = sourcecode.swift; path = NewWordCardBack.swift; sourceTree = "<group>"; };
		CE40F3662804AE2E00326839 /* WordsDashboard.swift */ = {isa = PBXFileReference; lastKnownFileType = sourcecode.swift; path = WordsDashboard.swift; sourceTree = "<group>"; };
		CE40F3682804B0CD00326839 /* WordsDashboardViewModel.swift */ = {isa = PBXFileReference; lastKnownFileType = sourcecode.swift; path = WordsDashboardViewModel.swift; sourceTree = "<group>"; };
		CE6637CC282EDBA20047F98F /* WordCardTaskContainer.swift */ = {isa = PBXFileReference; lastKnownFileType = sourcecode.swift; path = WordCardTaskContainer.swift; sourceTree = "<group>"; };
		CE6637CE282EDBAF0047F98F /* WordCardTaskContainerViewModel.swift */ = {isa = PBXFileReference; lastKnownFileType = sourcecode.swift; path = WordCardTaskContainerViewModel.swift; sourceTree = "<group>"; };
		CE6C50A828294D6C00AA26C2 /* ServiceContainer.swift */ = {isa = PBXFileReference; lastKnownFileType = sourcecode.swift; path = ServiceContainer.swift; sourceTree = "<group>"; };
		CE6C50AA28294D7700AA26C2 /* ServiceDependency.swift */ = {isa = PBXFileReference; lastKnownFileType = sourcecode.swift; path = ServiceDependency.swift; sourceTree = "<group>"; };
		CE6C50AD28294DE700AA26C2 /* WordCardServiceProtocol.swift */ = {isa = PBXFileReference; lastKnownFileType = sourcecode.swift; path = WordCardServiceProtocol.swift; sourceTree = "<group>"; };
		CE6C50B02829527200AA26C2 /* AppDelegate.swift */ = {isa = PBXFileReference; lastKnownFileType = sourcecode.swift; path = AppDelegate.swift; sourceTree = "<group>"; };
		CE6C50B328295BD600AA26C2 /* Sequence+Extension.swift */ = {isa = PBXFileReference; lastKnownFileType = sourcecode.swift; path = "Sequence+Extension.swift"; sourceTree = "<group>"; };
		CE6C50B72829A94D00AA26C2 /* WordCardsStack.swift */ = {isa = PBXFileReference; lastKnownFileType = sourcecode.swift; path = WordCardsStack.swift; sourceTree = "<group>"; };
		CE7DE45F27F85C9300399DB4 /* NewWordCardViewModel.swift */ = {isa = PBXFileReference; lastKnownFileType = sourcecode.swift; path = NewWordCardViewModel.swift; sourceTree = "<group>"; };
		CE7DE46227F85ED300399DB4 /* WordCard.swift */ = {isa = PBXFileReference; lastKnownFileType = sourcecode.swift; path = WordCard.swift; sourceTree = "<group>"; };
		CE7DE46427F8603600399DB4 /* WordCardTopic.swift */ = {isa = PBXFileReference; lastKnownFileType = sourcecode.swift; path = WordCardTopic.swift; sourceTree = "<group>"; };
		CE7DE46627F8615800399DB4 /* Word.swift */ = {isa = PBXFileReference; lastKnownFileType = sourcecode.swift; path = Word.swift; sourceTree = "<group>"; };
		CE7DE46927F8680100399DB4 /* WordCardService.swift */ = {isa = PBXFileReference; lastKnownFileType = sourcecode.swift; path = WordCardService.swift; sourceTree = "<group>"; };
		CE7DE46B27F9A77700399DB4 /* ColorfulRectangleView.swift */ = {isa = PBXFileReference; lastKnownFileType = sourcecode.swift; path = ColorfulRectangleView.swift; sourceTree = "<group>"; };
		CE89063128703E2000391815 /* Equitable+Extension.swift */ = {isa = PBXFileReference; lastKnownFileType = sourcecode.swift; path = "Equitable+Extension.swift"; sourceTree = "<group>"; };
		CEDC3FD42868E71500BB7D56 /* MainCard.swift */ = {isa = PBXFileReference; lastKnownFileType = sourcecode.swift; path = MainCard.swift; sourceTree = "<group>"; };
		CEDC3FD92868E77E00BB7D56 /* TabBar.swift */ = {isa = PBXFileReference; lastKnownFileType = sourcecode.swift; path = TabBar.swift; sourceTree = "<group>"; };
		CEDC3FDD2868FC8100BB7D56 /* TabBarViewModel.swift */ = {isa = PBXFileReference; lastKnownFileType = sourcecode.swift; path = TabBarViewModel.swift; sourceTree = "<group>"; };
		CEE6836B27F1A083004DE72B /* NewWordCard.swift */ = {isa = PBXFileReference; lastKnownFileType = sourcecode.swift; path = NewWordCard.swift; sourceTree = "<group>"; };
/* End PBXFileReference section */

/* Begin PBXFrameworksBuildPhase section */
		CE38C08927F0509D004B200D /* Frameworks */ = {
			isa = PBXFrameworksBuildPhase;
			buildActionMask = 2147483647;
			files = (
			);
			runOnlyForDeploymentPostprocessing = 0;
		};
/* End PBXFrameworksBuildPhase section */

/* Begin PBXGroup section */
		CE013BBA2855F41E00D1EBB1 /* UserService */ = {
			isa = PBXGroup;
			children = (
				CE013BBB2855F42D00D1EBB1 /* UserServiceProtocol.swift */,
				CE013BB82855F41900D1EBB1 /* UserService.swift */,
			);
			path = UserService;
			sourceTree = "<group>";
		};
		CE013BBD2856092300D1EBB1 /* RememberForgot */ = {
			isa = PBXGroup;
			children = (
				CE013BC128560A1800D1EBB1 /* RememberForgotTask.swift */,
				CE013BC328560A2100D1EBB1 /* RememberForgotTaskViewModel.swift */,
			);
			path = RememberForgot;
			sourceTree = "<group>";
		};
		CE013BBE2856093200D1EBB1 /* Writing */ = {
			isa = PBXGroup;
			children = (
			);
			path = Writing;
			sourceTree = "<group>";
		};
		CE38C08327F0509D004B200D = {
			isa = PBXGroup;
			children = (
				CE38C08E27F0509D004B200D /* wordLearning */,
				CE38C08D27F0509D004B200D /* Products */,
			);
			sourceTree = "<group>";
		};
		CE38C08D27F0509D004B200D /* Products */ = {
			isa = PBXGroup;
			children = (
				CE38C08C27F0509D004B200D /* wordLearning.app */,
			);
			name = Products;
			sourceTree = "<group>";
		};
		CE38C08E27F0509D004B200D /* wordLearning */ = {
			isa = PBXGroup;
			children = (
				CE6C50A12829454600AA26C2 /* Application */,
				CE6C50A22829454F00AA26C2 /* Library */,
				CE6C50A32829456200AA26C2 /* Resources */,
			);
			path = wordLearning;
			sourceTree = "<group>";
		};
		CE38C09527F0509E004B200D /* Preview Content */ = {
			isa = PBXGroup;
			children = (
				CE38C09627F0509E004B200D /* Preview Assets.xcassets */,
			);
			path = "Preview Content";
			sourceTree = "<group>";
		};
		CE40F3652804AE1400326839 /* WordsDashboard */ = {
			isa = PBXGroup;
			children = (
				CE40F3662804AE2E00326839 /* WordsDashboard.swift */,
				CE40F3682804B0CD00326839 /* WordsDashboardViewModel.swift */,
				CE6C50B72829A94D00AA26C2 /* WordCardsStack.swift */,
			);
			path = WordsDashboard;
			sourceTree = "<group>";
		};
		CE6637CB282EDB740047F98F /* WordCardTask */ = {
			isa = PBXGroup;
			children = (
				CE6637CC282EDBA20047F98F /* WordCardTaskContainer.swift */,
				CE6637CE282EDBAF0047F98F /* WordCardTaskContainerViewModel.swift */,
				CE2C1441285F44B8009EFF66 /* WordTaskViewModel.swift */,
				CE013BBD2856092300D1EBB1 /* RememberForgot */,
				CE013BBE2856093200D1EBB1 /* Writing */,
			);
			path = WordCardTask;
			sourceTree = "<group>";
		};
		CE6C50A12829454600AA26C2 /* Application */ = {
			isa = PBXGroup;
			children = (
				CE6C50A42829457000AA26C2 /* Modules */,
				CE6C50A52829457700AA26C2 /* Services */,
				CE7DE46127F85EC200399DB4 /* Model */,
			);
			path = Application;
			sourceTree = "<group>";
		};
		CE6C50A22829454F00AA26C2 /* Library */ = {
			isa = PBXGroup;
			children = (
				CE6C50B228295BC800AA26C2 /* Foundation */,
				CE6C50A6282945B400AA26C2 /* SwiftUI */,
			);
			path = Library;
			sourceTree = "<group>";
		};
		CE6C50A32829456200AA26C2 /* Resources */ = {
			isa = PBXGroup;
			children = (
				CE38C09527F0509E004B200D /* Preview Content */,
				CE38C09327F0509E004B200D /* Assets.xcassets */,
			);
			path = Resources;
			sourceTree = "<group>";
		};
		CE6C50A42829457000AA26C2 /* Modules */ = {
			isa = PBXGroup;
			children = (
				CE6C50AF2829525C00AA26C2 /* Launch */,
				CEDC3FD32868E6E700BB7D56 /* MainCard */,
			);
			path = Modules;
			sourceTree = "<group>";
		};
		CE6C50A52829457700AA26C2 /* Services */ = {
			isa = PBXGroup;
			children = (
				CE6C50A728294D5900AA26C2 /* DI */,
				CE013BBA2855F41E00D1EBB1 /* UserService */,
				CE6C50AC28294DAC00AA26C2 /* WordsService */,
			);
			path = Services;
			sourceTree = "<group>";
		};
		CE6C50A6282945B400AA26C2 /* SwiftUI */ = {
			isa = PBXGroup;
			children = (
				CECA5539283BD1D900980760 /* Common UI */,
				CE3841D92806090A002B7465 /* View+Extensions.swift */,
			);
			path = SwiftUI;
			sourceTree = "<group>";
		};
		CE6C50A728294D5900AA26C2 /* DI */ = {
			isa = PBXGroup;
			children = (
				CE6C50A828294D6C00AA26C2 /* ServiceContainer.swift */,
				CE6C50AA28294D7700AA26C2 /* ServiceDependency.swift */,
			);
			path = DI;
			sourceTree = "<group>";
		};
		CE6C50AC28294DAC00AA26C2 /* WordsService */ = {
			isa = PBXGroup;
			children = (
				CE6C50AD28294DE700AA26C2 /* WordCardServiceProtocol.swift */,
				CE7DE46927F8680100399DB4 /* WordCardService.swift */,
			);
			path = WordsService;
			sourceTree = "<group>";
		};
		CE6C50AF2829525C00AA26C2 /* Launch */ = {
			isa = PBXGroup;
			children = (
				CE6C50B02829527200AA26C2 /* AppDelegate.swift */,
				CE38C08F27F0509D004B200D /* WordLearningApp.swift */,
				CE38C09127F0509D004B200D /* ContentView.swift */,
				CEDC3FD62868E73F00BB7D56 /* TabBar */,
			);
			path = Launch;
			sourceTree = "<group>";
		};
		CE6C50B228295BC800AA26C2 /* Foundation */ = {
			isa = PBXGroup;
			children = (
				CE6C50B328295BD600AA26C2 /* Sequence+Extension.swift */,
				CE013BC528566D7900D1EBB1 /* Array+Extension.swift */,
				CE89063128703E2000391815 /* Equitable+Extension.swift */,
			);
			path = Foundation;
			sourceTree = "<group>";
		};
		CE7DE45E27F85C7B00399DB4 /* NewWordCard */ = {
			isa = PBXGroup;
			children = (
				CEE6836B27F1A083004DE72B /* NewWordCard.swift */,
				CE38C0A327F0A331004B200D /* NewWordCardFront.swift */,
				CE38C0A527F0A33E004B200D /* NewWordCardBack.swift */,
				CE7DE45F27F85C9300399DB4 /* NewWordCardViewModel.swift */,
			);
			path = NewWordCard;
			sourceTree = "<group>";
		};
		CE7DE46127F85EC200399DB4 /* Model */ = {
			isa = PBXGroup;
			children = (
				CE7DE46227F85ED300399DB4 /* WordCard.swift */,
				CE7DE46627F8615800399DB4 /* Word.swift */,
				CE7DE46427F8603600399DB4 /* WordCardTopic.swift */,
				CE013BBF2856097C00D1EBB1 /* WordCardTaskMode.swift */,
			);
			path = Model;
			sourceTree = "<group>";
		};
		CECA5539283BD1D900980760 /* Common UI */ = {
			isa = PBXGroup;
			children = (
				CE38C0A127F0A28C004B200D /* RotatableView.swift */,
				CE7DE46B27F9A77700399DB4 /* ColorfulRectangleView.swift */,
			);
			path = "Common UI";
			sourceTree = "<group>";
		};
		CEDC3FD32868E6E700BB7D56 /* MainCard */ = {
			isa = PBXGroup;
			children = (
				CEDC3FD42868E71500BB7D56 /* MainCard.swift */,
				CE40F3652804AE1400326839 /* WordsDashboard */,
				CE7DE45E27F85C7B00399DB4 /* NewWordCard */,
				CE6637CB282EDB740047F98F /* WordCardTask */,
			);
			path = MainCard;
			sourceTree = "<group>";
		};
		CEDC3FD62868E73F00BB7D56 /* TabBar */ = {
			isa = PBXGroup;
			children = (
				CEDC3FD92868E77E00BB7D56 /* TabBar.swift */,
				CEDC3FDD2868FC8100BB7D56 /* TabBarViewModel.swift */,
			);
			path = TabBar;
			sourceTree = "<group>";
		};
/* End PBXGroup section */

/* Begin PBXNativeTarget section */
		CE38C08B27F0509D004B200D /* wordLearning */ = {
			isa = PBXNativeTarget;
			buildConfigurationList = CE38C09A27F0509E004B200D /* Build configuration list for PBXNativeTarget "wordLearning" */;
			buildPhases = (
				CE38C08827F0509D004B200D /* Sources */,
				CE38C08927F0509D004B200D /* Frameworks */,
				CE38C08A27F0509D004B200D /* Resources */,
			);
			buildRules = (
			);
			dependencies = (
			);
			name = wordLearning;
			productName = wordLearning;
			productReference = CE38C08C27F0509D004B200D /* wordLearning.app */;
			productType = "com.apple.product-type.application";
		};
/* End PBXNativeTarget section */

/* Begin PBXProject section */
		CE38C08427F0509D004B200D /* Project object */ = {
			isa = PBXProject;
			attributes = {
				BuildIndependentTargetsInParallel = 1;
				LastSwiftUpdateCheck = 1320;
				LastUpgradeCheck = 1320;
				TargetAttributes = {
					CE38C08B27F0509D004B200D = {
						CreatedOnToolsVersion = 13.2.1;
					};
				};
			};
			buildConfigurationList = CE38C08727F0509D004B200D /* Build configuration list for PBXProject "wordLearning" */;
			compatibilityVersion = "Xcode 13.0";
			developmentRegion = en;
			hasScannedForEncodings = 0;
			knownRegions = (
				en,
				Base,
			);
			mainGroup = CE38C08327F0509D004B200D;
			productRefGroup = CE38C08D27F0509D004B200D /* Products */;
			projectDirPath = "";
			projectRoot = "";
			targets = (
				CE38C08B27F0509D004B200D /* wordLearning */,
			);
		};
/* End PBXProject section */

/* Begin PBXResourcesBuildPhase section */
		CE38C08A27F0509D004B200D /* Resources */ = {
			isa = PBXResourcesBuildPhase;
			buildActionMask = 2147483647;
			files = (
				CE38C09727F0509E004B200D /* Preview Assets.xcassets in Resources */,
				CE38C09427F0509E004B200D /* Assets.xcassets in Resources */,
			);
			runOnlyForDeploymentPostprocessing = 0;
		};
/* End PBXResourcesBuildPhase section */

/* Begin PBXSourcesBuildPhase section */
		CE38C08827F0509D004B200D /* Sources */ = {
			isa = PBXSourcesBuildPhase;
			buildActionMask = 2147483647;
			files = (
				CE38C0A227F0A28C004B200D /* RotatableView.swift in Sources */,
				CE013BC628566D7900D1EBB1 /* Array+Extension.swift in Sources */,
				CE6C50B82829A94D00AA26C2 /* WordCardsStack.swift in Sources */,
				CE7DE46527F8603600399DB4 /* WordCardTopic.swift in Sources */,
				CE6C50B12829527200AA26C2 /* AppDelegate.swift in Sources */,
				CE38C0A627F0A33E004B200D /* NewWordCardBack.swift in Sources */,
				CE38C0A427F0A331004B200D /* NewWordCardFront.swift in Sources */,
				CE6637CD282EDBA20047F98F /* WordCardTaskContainer.swift in Sources */,
				CE7DE46027F85C9300399DB4 /* NewWordCardViewModel.swift in Sources */,
				CE6C50A928294D6C00AA26C2 /* ServiceContainer.swift in Sources */,
				CE38C09227F0509D004B200D /* ContentView.swift in Sources */,
				CE2C1442285F44B8009EFF66 /* WordTaskViewModel.swift in Sources */,
				CEDC3FD52868E71500BB7D56 /* MainCard.swift in Sources */,
				CE013BBC2855F42D00D1EBB1 /* UserServiceProtocol.swift in Sources */,
				CE38C09027F0509D004B200D /* WordLearningApp.swift in Sources */,
				CE7DE46727F8615800399DB4 /* Word.swift in Sources */,
				CE40F3672804AE2E00326839 /* WordsDashboard.swift in Sources */,
				CE7DE46A27F8680100399DB4 /* WordCardService.swift in Sources */,
				CE6C50B428295BD600AA26C2 /* Sequence+Extension.swift in Sources */,
				CEDC3FDA2868E77E00BB7D56 /* TabBar.swift in Sources */,
				CE6637CF282EDBAF0047F98F /* WordCardTaskContainerViewModel.swift in Sources */,
				CE013BC02856097C00D1EBB1 /* WordCardTaskMode.swift in Sources */,
				CE40F3692804B0CD00326839 /* WordsDashboardViewModel.swift in Sources */,
				CEE6836C27F1A083004DE72B /* NewWordCard.swift in Sources */,
				CE6C50AE28294DE700AA26C2 /* WordCardServiceProtocol.swift in Sources */,
				CE3841DA2806090A002B7465 /* View+Extensions.swift in Sources */,
				CE013BB92855F41900D1EBB1 /* UserService.swift in Sources */,
				CE7DE46C27F9A77700399DB4 /* ColorfulRectangleView.swift in Sources */,
				CE013BC228560A1800D1EBB1 /* RememberForgotTask.swift in Sources */,
				CE013BC428560A2100D1EBB1 /* RememberForgotTaskViewModel.swift in Sources */,
				CE89063228703E2000391815 /* Equitable+Extension.swift in Sources */,
				CE6C50AB28294D7700AA26C2 /* ServiceDependency.swift in Sources */,
				CEDC3FDE2868FC8100BB7D56 /* TabBarViewModel.swift in Sources */,
				CE7DE46327F85ED300399DB4 /* WordCard.swift in Sources */,
			);
			runOnlyForDeploymentPostprocessing = 0;
		};
/* End PBXSourcesBuildPhase section */

/* Begin XCBuildConfiguration section */
		CE38C09827F0509E004B200D /* Debug */ = {
			isa = XCBuildConfiguration;
			buildSettings = {
				ALWAYS_SEARCH_USER_PATHS = NO;
				CLANG_ANALYZER_NONNULL = YES;
				CLANG_ANALYZER_NUMBER_OBJECT_CONVERSION = YES_AGGRESSIVE;
				CLANG_CXX_LANGUAGE_STANDARD = "gnu++17";
				CLANG_CXX_LIBRARY = "libc++";
				CLANG_ENABLE_MODULES = YES;
				CLANG_ENABLE_OBJC_ARC = YES;
				CLANG_ENABLE_OBJC_WEAK = YES;
				CLANG_WARN_BLOCK_CAPTURE_AUTORELEASING = YES;
				CLANG_WARN_BOOL_CONVERSION = YES;
				CLANG_WARN_COMMA = YES;
				CLANG_WARN_CONSTANT_CONVERSION = YES;
				CLANG_WARN_DEPRECATED_OBJC_IMPLEMENTATIONS = YES;
				CLANG_WARN_DIRECT_OBJC_ISA_USAGE = YES_ERROR;
				CLANG_WARN_DOCUMENTATION_COMMENTS = YES;
				CLANG_WARN_EMPTY_BODY = YES;
				CLANG_WARN_ENUM_CONVERSION = YES;
				CLANG_WARN_INFINITE_RECURSION = YES;
				CLANG_WARN_INT_CONVERSION = YES;
				CLANG_WARN_NON_LITERAL_NULL_CONVERSION = YES;
				CLANG_WARN_OBJC_IMPLICIT_RETAIN_SELF = YES;
				CLANG_WARN_OBJC_LITERAL_CONVERSION = YES;
				CLANG_WARN_OBJC_ROOT_CLASS = YES_ERROR;
				CLANG_WARN_QUOTED_INCLUDE_IN_FRAMEWORK_HEADER = YES;
				CLANG_WARN_RANGE_LOOP_ANALYSIS = YES;
				CLANG_WARN_STRICT_PROTOTYPES = YES;
				CLANG_WARN_SUSPICIOUS_MOVE = YES;
				CLANG_WARN_UNGUARDED_AVAILABILITY = YES_AGGRESSIVE;
				CLANG_WARN_UNREACHABLE_CODE = YES;
				CLANG_WARN__DUPLICATE_METHOD_MATCH = YES;
				COPY_PHASE_STRIP = NO;
				DEBUG_INFORMATION_FORMAT = dwarf;
				ENABLE_STRICT_OBJC_MSGSEND = YES;
				ENABLE_TESTABILITY = YES;
				GCC_C_LANGUAGE_STANDARD = gnu11;
				GCC_DYNAMIC_NO_PIC = NO;
				GCC_NO_COMMON_BLOCKS = YES;
				GCC_OPTIMIZATION_LEVEL = 0;
				GCC_PREPROCESSOR_DEFINITIONS = (
					"DEBUG=1",
					"$(inherited)",
				);
				GCC_WARN_64_TO_32_BIT_CONVERSION = YES;
				GCC_WARN_ABOUT_RETURN_TYPE = YES_ERROR;
				GCC_WARN_UNDECLARED_SELECTOR = YES;
				GCC_WARN_UNINITIALIZED_AUTOS = YES_AGGRESSIVE;
				GCC_WARN_UNUSED_FUNCTION = YES;
				GCC_WARN_UNUSED_VARIABLE = YES;
				IPHONEOS_DEPLOYMENT_TARGET = 15.2;
				MTL_ENABLE_DEBUG_INFO = INCLUDE_SOURCE;
				MTL_FAST_MATH = YES;
				ONLY_ACTIVE_ARCH = YES;
				SDKROOT = iphoneos;
				SWIFT_ACTIVE_COMPILATION_CONDITIONS = DEBUG;
				SWIFT_OPTIMIZATION_LEVEL = "-Onone";
			};
			name = Debug;
		};
		CE38C09927F0509E004B200D /* Release */ = {
			isa = XCBuildConfiguration;
			buildSettings = {
				ALWAYS_SEARCH_USER_PATHS = NO;
				CLANG_ANALYZER_NONNULL = YES;
				CLANG_ANALYZER_NUMBER_OBJECT_CONVERSION = YES_AGGRESSIVE;
				CLANG_CXX_LANGUAGE_STANDARD = "gnu++17";
				CLANG_CXX_LIBRARY = "libc++";
				CLANG_ENABLE_MODULES = YES;
				CLANG_ENABLE_OBJC_ARC = YES;
				CLANG_ENABLE_OBJC_WEAK = YES;
				CLANG_WARN_BLOCK_CAPTURE_AUTORELEASING = YES;
				CLANG_WARN_BOOL_CONVERSION = YES;
				CLANG_WARN_COMMA = YES;
				CLANG_WARN_CONSTANT_CONVERSION = YES;
				CLANG_WARN_DEPRECATED_OBJC_IMPLEMENTATIONS = YES;
				CLANG_WARN_DIRECT_OBJC_ISA_USAGE = YES_ERROR;
				CLANG_WARN_DOCUMENTATION_COMMENTS = YES;
				CLANG_WARN_EMPTY_BODY = YES;
				CLANG_WARN_ENUM_CONVERSION = YES;
				CLANG_WARN_INFINITE_RECURSION = YES;
				CLANG_WARN_INT_CONVERSION = YES;
				CLANG_WARN_NON_LITERAL_NULL_CONVERSION = YES;
				CLANG_WARN_OBJC_IMPLICIT_RETAIN_SELF = YES;
				CLANG_WARN_OBJC_LITERAL_CONVERSION = YES;
				CLANG_WARN_OBJC_ROOT_CLASS = YES_ERROR;
				CLANG_WARN_QUOTED_INCLUDE_IN_FRAMEWORK_HEADER = YES;
				CLANG_WARN_RANGE_LOOP_ANALYSIS = YES;
				CLANG_WARN_STRICT_PROTOTYPES = YES;
				CLANG_WARN_SUSPICIOUS_MOVE = YES;
				CLANG_WARN_UNGUARDED_AVAILABILITY = YES_AGGRESSIVE;
				CLANG_WARN_UNREACHABLE_CODE = YES;
				CLANG_WARN__DUPLICATE_METHOD_MATCH = YES;
				COPY_PHASE_STRIP = NO;
				DEBUG_INFORMATION_FORMAT = "dwarf-with-dsym";
				ENABLE_NS_ASSERTIONS = NO;
				ENABLE_STRICT_OBJC_MSGSEND = YES;
				GCC_C_LANGUAGE_STANDARD = gnu11;
				GCC_NO_COMMON_BLOCKS = YES;
				GCC_WARN_64_TO_32_BIT_CONVERSION = YES;
				GCC_WARN_ABOUT_RETURN_TYPE = YES_ERROR;
				GCC_WARN_UNDECLARED_SELECTOR = YES;
				GCC_WARN_UNINITIALIZED_AUTOS = YES_AGGRESSIVE;
				GCC_WARN_UNUSED_FUNCTION = YES;
				GCC_WARN_UNUSED_VARIABLE = YES;
				IPHONEOS_DEPLOYMENT_TARGET = 15.2;
				MTL_ENABLE_DEBUG_INFO = NO;
				MTL_FAST_MATH = YES;
				SDKROOT = iphoneos;
				SWIFT_COMPILATION_MODE = wholemodule;
				SWIFT_OPTIMIZATION_LEVEL = "-O";
				VALIDATE_PRODUCT = YES;
			};
			name = Release;
		};
		CE38C09B27F0509E004B200D /* Debug */ = {
			isa = XCBuildConfiguration;
			buildSettings = {
				ASSETCATALOG_COMPILER_APPICON_NAME = AppIcon;
				ASSETCATALOG_COMPILER_GLOBAL_ACCENT_COLOR_NAME = AccentColor;
				CODE_SIGN_STYLE = Automatic;
				CURRENT_PROJECT_VERSION = 1;
				DEVELOPMENT_ASSET_PATHS = "\"wordLearning/Resources/Preview Content\"";
				ENABLE_PREVIEWS = YES;
				GENERATE_INFOPLIST_FILE = YES;
				INFOPLIST_KEY_UIApplicationSceneManifest_Generation = YES;
				INFOPLIST_KEY_UIApplicationSupportsIndirectInputEvents = YES;
				INFOPLIST_KEY_UILaunchScreen_Generation = YES;
				INFOPLIST_KEY_UISupportedInterfaceOrientations_iPad = "UIInterfaceOrientationPortrait UIInterfaceOrientationPortraitUpsideDown UIInterfaceOrientationLandscapeLeft UIInterfaceOrientationLandscapeRight";
				INFOPLIST_KEY_UISupportedInterfaceOrientations_iPhone = "UIInterfaceOrientationPortrait UIInterfaceOrientationLandscapeLeft UIInterfaceOrientationLandscapeRight";
				LD_RUNPATH_SEARCH_PATHS = (
					"$(inherited)",
					"@executable_path/Frameworks",
				);
				MARKETING_VERSION = 1.0;
				PRODUCT_BUNDLE_IDENTIFIER = com.anluferov.wordLearning;
				PRODUCT_NAME = "$(TARGET_NAME)";
				SWIFT_EMIT_LOC_STRINGS = YES;
				SWIFT_VERSION = 5.0;
				TARGETED_DEVICE_FAMILY = "1,2";
			};
			name = Debug;
		};
		CE38C09C27F0509E004B200D /* Release */ = {
			isa = XCBuildConfiguration;
			buildSettings = {
				ASSETCATALOG_COMPILER_APPICON_NAME = AppIcon;
				ASSETCATALOG_COMPILER_GLOBAL_ACCENT_COLOR_NAME = AccentColor;
				CODE_SIGN_STYLE = Automatic;
				CURRENT_PROJECT_VERSION = 1;
				DEVELOPMENT_ASSET_PATHS = "\"wordLearning/Resources/Preview Content\"";
				ENABLE_PREVIEWS = YES;
				GENERATE_INFOPLIST_FILE = YES;
				INFOPLIST_KEY_UIApplicationSceneManifest_Generation = YES;
				INFOPLIST_KEY_UIApplicationSupportsIndirectInputEvents = YES;
				INFOPLIST_KEY_UILaunchScreen_Generation = YES;
				INFOPLIST_KEY_UISupportedInterfaceOrientations_iPad = "UIInterfaceOrientationPortrait UIInterfaceOrientationPortraitUpsideDown UIInterfaceOrientationLandscapeLeft UIInterfaceOrientationLandscapeRight";
				INFOPLIST_KEY_UISupportedInterfaceOrientations_iPhone = "UIInterfaceOrientationPortrait UIInterfaceOrientationLandscapeLeft UIInterfaceOrientationLandscapeRight";
				LD_RUNPATH_SEARCH_PATHS = (
					"$(inherited)",
					"@executable_path/Frameworks",
				);
				MARKETING_VERSION = 1.0;
				PRODUCT_BUNDLE_IDENTIFIER = com.anluferov.wordLearning;
				PRODUCT_NAME = "$(TARGET_NAME)";
				SWIFT_EMIT_LOC_STRINGS = YES;
				SWIFT_VERSION = 5.0;
				TARGETED_DEVICE_FAMILY = "1,2";
			};
			name = Release;
		};
/* End XCBuildConfiguration section */

/* Begin XCConfigurationList section */
		CE38C08727F0509D004B200D /* Build configuration list for PBXProject "wordLearning" */ = {
			isa = XCConfigurationList;
			buildConfigurations = (
				CE38C09827F0509E004B200D /* Debug */,
				CE38C09927F0509E004B200D /* Release */,
			);
			defaultConfigurationIsVisible = 0;
			defaultConfigurationName = Release;
		};
		CE38C09A27F0509E004B200D /* Build configuration list for PBXNativeTarget "wordLearning" */ = {
			isa = XCConfigurationList;
			buildConfigurations = (
				CE38C09B27F0509E004B200D /* Debug */,
				CE38C09C27F0509E004B200D /* Release */,
			);
			defaultConfigurationIsVisible = 0;
			defaultConfigurationName = Release;
		};
/* End XCConfigurationList section */
	};
	rootObject = CE38C08427F0509D004B200D /* Project object */;
}
